
Microsoft Visual Studio Solution File, Format Version 12.00
# Visual Studio Version 17
VisualStudioVersion = 17.9.34728.123
MinimumVisualStudioVersion = 10.0.40219.1
Project("{8BC9CEB8-8B4A-11D0-8D11-00A0C91BC942}") = "TD_02", "TD_02.vcxproj", "{7D297CAB-3ADF-49F0-AA09-C5A08FE983BC}"
EndProject
Global
	GlobalSection(SolutionConfigurationPlatforms) = preSolution
		Debug|x64 = Debug|x64
		Release|x64 = Release|x64
	EndGlobalSection
	GlobalSection(ProjectConfigurationPlatforms) = postSolution
		{7D297CAB-3ADF-49F0-AA09-C5A08FE983BC}.Debug|x64.ActiveCfg = Debug|x64
		{7D297CAB-3ADF-49F0-AA09-C5A08FE983BC}.Debug|x64.Build.0 = Debug|x64
		{7D297CAB-3ADF-49F0-AA09-C5A08FE983BC}.Release|x64.ActiveCfg = Release|x64
		{7D297CAB-3ADF-49F0-AA09-C5A08FE983BC}.Release|x64.Build.0 = Release|x64
	EndGlobalSection
	GlobalSection(SolutionProperties) = preSolution
		HideSolutionNode = FALSE
	EndGlobalSection
	GlobalSection(ExtensibilityGlobals) = postSolution
		SolutionGuid = {AC1C47B8-C1BE-457E-BEBC-5143616495D1}
	EndGlobalSection
EndGlobal
